
Microsoft Visual Studio Solution File, Format Version 12.00
# Visual Studio 15
VisualStudioVersion = 15.0.26228.4
MinimumVisualStudioVersion = 10.0.40219.1
Project("{FAE04EC0-301F-11D3-BF4B-00C04F79EFBC}") = "NullObjectPatternDone", "NullObjectPatternDone\NullObjectPatternDone.csproj", "{F5B2FE87-D169-4D46-82E7-37CEDBE4DC74}"
EndProject
Project("{FAE04EC0-301F-11D3-BF4B-00C04F79EFBC}") = "MaybePattern", "MaybePattern\MaybePattern.csproj", "{C75B182D-615F-4145-B0E1-0FEC912ACAEB}"
EndProject
Project("{FAE04EC0-301F-11D3-BF4B-00C04F79EFBC}") = "Exceptions", "Exceptions\Exceptions.csproj", "{661715FC-0E7C-4AC8-B2EE-AAA05F45B5F3}"
EndProject
Project("{FAE04EC0-301F-11D3-BF4B-00C04F79EFBC}") = "LooseCoupling", "LooseCoupling\LooseCoupling.csproj", "{8968C226-DE62-4C46-8659-66AD88C5D200}"
EndProject
Project("{FAE04EC0-301F-11D3-BF4B-00C04F79EFBC}") = "Casting", "Casting\Casting.csproj", "{C228BBC8-4314-4F0C-A407-18427C7CD8E6}"
EndProject
Project("{FAE04EC0-301F-11D3-BF4B-00C04F79EFBC}") = "Composition", "Composition\Composition.csproj", "{C2234D53-A936-44EF-82E4-572182F3B11F}"
EndProject
Project("{FAE04EC0-301F-11D3-BF4B-00C04F79EFBC}") = "Collections", "Liste\Collections.csproj", "{52ABE350-5290-4E62-BE35-1E86D83CE1F6}"
EndProject
Project("{FAE04EC0-301F-11D3-BF4B-00C04F79EFBC}") = "DemeterLaw", "DemeterLaw\DemeterLaw.csproj", "{EF6CDE64-AA56-4EBD-846C-4A0FA7DCD082}"
EndProject
Project("{FAE04EC0-301F-11D3-BF4B-00C04F79EFBC}") = "Inheritance", "Inheritance\Inheritance.csproj", "{D57E966C-42CF-4634-AAA8-2DA1B7C3DC48}"
EndProject
Project("{FAE04EC0-301F-11D3-BF4B-00C04F79EFBC}") = "BeforeMaybePattern", "BeforeMaybePattern\BeforeMaybePattern.csproj", "{1487D09B-761F-4BA8-9922-7B4E132F854C}"
EndProject
Project("{FAE04EC0-301F-11D3-BF4B-00C04F79EFBC}") = "BeforeNullObjectPattern", "BeforeNullObjectPattern\BeforeNullObjectPattern.csproj", "{7B8B5B61-43D5-40BA-8E43-C4B694B1B61F}"
EndProject
Project("{FAE04EC0-301F-11D3-BF4B-00C04F79EFBC}") = "OptimalUseOfCollections", "OptimalUseOfCollections\OptimalUseOfCollections.csproj", "{6317DD25-F464-492D-A839-82789CA96C6E}"
EndProject
Project("{FAE04EC0-301F-11D3-BF4B-00C04F79EFBC}") = "CommandPattern", "CommandPattern\CommandPattern.csproj", "{AC98000B-628B-4EEE-96E1-D95811E31D07}"
EndProject
Project("{FAE04EC0-301F-11D3-BF4B-00C04F79EFBC}") = "DefaultVirtualParameters", "DefaultVirtualParameters\DefaultVirtualParameters.csproj", "{0101F236-88F3-486A-98DD-836A61A757B7}"
EndProject
Project("{FAE04EC0-301F-11D3-BF4B-00C04F79EFBC}") = "TellDontAsk", "TellDontAsk\TellDontAsk.csproj", "{70325194-ECEC-4C8A-B1C3-AF019840C301}"
EndProject
Project("{FAE04EC0-301F-11D3-BF4B-00C04F79EFBC}") = "Logging", "Logging\Logging.csproj", "{183AE540-C2CE-46B3-931D-4BFA1DA51BDB}"
EndProject
Project("{FAE04EC0-301F-11D3-BF4B-00C04F79EFBC}") = "StringOperations", "StringOperations\StringOperations.csproj", "{BB88274A-396C-4695-857F-23D8B35CCADD}"
EndProject
Project("{FAE04EC0-301F-11D3-BF4B-00C04F79EFBC}") = "LargeIfElseVSSwitchCase", "LargeIfElseVSSwitchCase\LargeIfElseVSSwitchCase.csproj", "{6911970D-E540-45D0-B5F2-F0E1C33C6062}"
EndProject
Project("{FAE04EC0-301F-11D3-BF4B-00C04F79EFBC}") = "GuardClauses", "GuardClauses\GuardClauses.csproj", "{F7A97A10-D6B9-4399-B08F-5B1D91017329}"
EndProject
Project("{FAE04EC0-301F-11D3-BF4B-00C04F79EFBC}") = "ComparerAndIComparable", "ComparerAndIComparable\ComparerAndIComparable.csproj", "{97AEFF92-EDD0-4524-BD6B-389A976DC6F4}"
EndProject
Global
	GlobalSection(SolutionConfigurationPlatforms) = preSolution
		Debug|Any CPU = Debug|Any CPU
		Debug|ARM = Debug|ARM
		Debug|x64 = Debug|x64
		Debug|x86 = Debug|x86
		Release|Any CPU = Release|Any CPU
		Release|ARM = Release|ARM
		Release|x64 = Release|x64
		Release|x86 = Release|x86
	EndGlobalSection
	GlobalSection(ProjectConfigurationPlatforms) = postSolution
		{F5B2FE87-D169-4D46-82E7-37CEDBE4DC74}.Debug|Any CPU.ActiveCfg = Debug|Any CPU
		{F5B2FE87-D169-4D46-82E7-37CEDBE4DC74}.Debug|Any CPU.Build.0 = Debug|Any CPU
		{F5B2FE87-D169-4D46-82E7-37CEDBE4DC74}.Debug|ARM.ActiveCfg = Debug|Any CPU
		{F5B2FE87-D169-4D46-82E7-37CEDBE4DC74}.Debug|ARM.Build.0 = Debug|Any CPU
		{F5B2FE87-D169-4D46-82E7-37CEDBE4DC74}.Debug|x64.ActiveCfg = Debug|Any CPU
		{F5B2FE87-D169-4D46-82E7-37CEDBE4DC74}.Debug|x64.Build.0 = Debug|Any CPU
		{F5B2FE87-D169-4D46-82E7-37CEDBE4DC74}.Debug|x86.ActiveCfg = Debug|Any CPU
		{F5B2FE87-D169-4D46-82E7-37CEDBE4DC74}.Debug|x86.Build.0 = Debug|Any CPU
		{F5B2FE87-D169-4D46-82E7-37CEDBE4DC74}.Release|Any CPU.ActiveCfg = Release|Any CPU
		{F5B2FE87-D169-4D46-82E7-37CEDBE4DC74}.Release|Any CPU.Build.0 = Release|Any CPU
		{F5B2FE87-D169-4D46-82E7-37CEDBE4DC74}.Release|ARM.ActiveCfg = Release|Any CPU
		{F5B2FE87-D169-4D46-82E7-37CEDBE4DC74}.Release|ARM.Build.0 = Release|Any CPU
		{F5B2FE87-D169-4D46-82E7-37CEDBE4DC74}.Release|x64.ActiveCfg = Release|Any CPU
		{F5B2FE87-D169-4D46-82E7-37CEDBE4DC74}.Release|x64.Build.0 = Release|Any CPU
		{F5B2FE87-D169-4D46-82E7-37CEDBE4DC74}.Release|x86.ActiveCfg = Release|Any CPU
		{F5B2FE87-D169-4D46-82E7-37CEDBE4DC74}.Release|x86.Build.0 = Release|Any CPU
		{C75B182D-615F-4145-B0E1-0FEC912ACAEB}.Debug|Any CPU.ActiveCfg = Debug|Any CPU
		{C75B182D-615F-4145-B0E1-0FEC912ACAEB}.Debug|Any CPU.Build.0 = Debug|Any CPU
		{C75B182D-615F-4145-B0E1-0FEC912ACAEB}.Debug|ARM.ActiveCfg = Debug|Any CPU
		{C75B182D-615F-4145-B0E1-0FEC912ACAEB}.Debug|ARM.Build.0 = Debug|Any CPU
		{C75B182D-615F-4145-B0E1-0FEC912ACAEB}.Debug|x64.ActiveCfg = Debug|Any CPU
		{C75B182D-615F-4145-B0E1-0FEC912ACAEB}.Debug|x64.Build.0 = Debug|Any CPU
		{C75B182D-615F-4145-B0E1-0FEC912ACAEB}.Debug|x86.ActiveCfg = Debug|Any CPU
		{C75B182D-615F-4145-B0E1-0FEC912ACAEB}.Debug|x86.Build.0 = Debug|Any CPU
		{C75B182D-615F-4145-B0E1-0FEC912ACAEB}.Release|Any CPU.ActiveCfg = Release|Any CPU
		{C75B182D-615F-4145-B0E1-0FEC912ACAEB}.Release|Any CPU.Build.0 = Release|Any CPU
		{C75B182D-615F-4145-B0E1-0FEC912ACAEB}.Release|ARM.ActiveCfg = Release|Any CPU
		{C75B182D-615F-4145-B0E1-0FEC912ACAEB}.Release|ARM.Build.0 = Release|Any CPU
		{C75B182D-615F-4145-B0E1-0FEC912ACAEB}.Release|x64.ActiveCfg = Release|Any CPU
		{C75B182D-615F-4145-B0E1-0FEC912ACAEB}.Release|x64.Build.0 = Release|Any CPU
		{C75B182D-615F-4145-B0E1-0FEC912ACAEB}.Release|x86.ActiveCfg = Release|Any CPU
		{C75B182D-615F-4145-B0E1-0FEC912ACAEB}.Release|x86.Build.0 = Release|Any CPU
		{661715FC-0E7C-4AC8-B2EE-AAA05F45B5F3}.Debug|Any CPU.ActiveCfg = Debug|Any CPU
		{661715FC-0E7C-4AC8-B2EE-AAA05F45B5F3}.Debug|Any CPU.Build.0 = Debug|Any CPU
		{661715FC-0E7C-4AC8-B2EE-AAA05F45B5F3}.Debug|ARM.ActiveCfg = Debug|Any CPU
		{661715FC-0E7C-4AC8-B2EE-AAA05F45B5F3}.Debug|ARM.Build.0 = Debug|Any CPU
		{661715FC-0E7C-4AC8-B2EE-AAA05F45B5F3}.Debug|x64.ActiveCfg = Debug|Any CPU
		{661715FC-0E7C-4AC8-B2EE-AAA05F45B5F3}.Debug|x64.Build.0 = Debug|Any CPU
		{661715FC-0E7C-4AC8-B2EE-AAA05F45B5F3}.Debug|x86.ActiveCfg = Debug|Any CPU
		{661715FC-0E7C-4AC8-B2EE-AAA05F45B5F3}.Debug|x86.Build.0 = Debug|Any CPU
		{661715FC-0E7C-4AC8-B2EE-AAA05F45B5F3}.Release|Any CPU.ActiveCfg = Release|Any CPU
		{661715FC-0E7C-4AC8-B2EE-AAA05F45B5F3}.Release|Any CPU.Build.0 = Release|Any CPU
		{661715FC-0E7C-4AC8-B2EE-AAA05F45B5F3}.Release|ARM.ActiveCfg = Release|Any CPU
		{661715FC-0E7C-4AC8-B2EE-AAA05F45B5F3}.Release|ARM.Build.0 = Release|Any CPU
		{661715FC-0E7C-4AC8-B2EE-AAA05F45B5F3}.Release|x64.ActiveCfg = Release|Any CPU
		{661715FC-0E7C-4AC8-B2EE-AAA05F45B5F3}.Release|x64.Build.0 = Release|Any CPU
		{661715FC-0E7C-4AC8-B2EE-AAA05F45B5F3}.Release|x86.ActiveCfg = Release|Any CPU
		{661715FC-0E7C-4AC8-B2EE-AAA05F45B5F3}.Release|x86.Build.0 = Release|Any CPU
		{8968C226-DE62-4C46-8659-66AD88C5D200}.Debug|Any CPU.ActiveCfg = Debug|Any CPU
		{8968C226-DE62-4C46-8659-66AD88C5D200}.Debug|Any CPU.Build.0 = Debug|Any CPU
		{8968C226-DE62-4C46-8659-66AD88C5D200}.Debug|ARM.ActiveCfg = Debug|Any CPU
		{8968C226-DE62-4C46-8659-66AD88C5D200}.Debug|ARM.Build.0 = Debug|Any CPU
		{8968C226-DE62-4C46-8659-66AD88C5D200}.Debug|x64.ActiveCfg = Debug|Any CPU
		{8968C226-DE62-4C46-8659-66AD88C5D200}.Debug|x64.Build.0 = Debug|Any CPU
		{8968C226-DE62-4C46-8659-66AD88C5D200}.Debug|x86.ActiveCfg = Debug|Any CPU
		{8968C226-DE62-4C46-8659-66AD88C5D200}.Debug|x86.Build.0 = Debug|Any CPU
		{8968C226-DE62-4C46-8659-66AD88C5D200}.Release|Any CPU.ActiveCfg = Release|Any CPU
		{8968C226-DE62-4C46-8659-66AD88C5D200}.Release|Any CPU.Build.0 = Release|Any CPU
		{8968C226-DE62-4C46-8659-66AD88C5D200}.Release|ARM.ActiveCfg = Release|Any CPU
		{8968C226-DE62-4C46-8659-66AD88C5D200}.Release|ARM.Build.0 = Release|Any CPU
		{8968C226-DE62-4C46-8659-66AD88C5D200}.Release|x64.ActiveCfg = Release|Any CPU
		{8968C226-DE62-4C46-8659-66AD88C5D200}.Release|x64.Build.0 = Release|Any CPU
		{8968C226-DE62-4C46-8659-66AD88C5D200}.Release|x86.ActiveCfg = Release|Any CPU
		{8968C226-DE62-4C46-8659-66AD88C5D200}.Release|x86.Build.0 = Release|Any CPU
		{C228BBC8-4314-4F0C-A407-18427C7CD8E6}.Debug|Any CPU.ActiveCfg = Debug|Any CPU
		{C228BBC8-4314-4F0C-A407-18427C7CD8E6}.Debug|Any CPU.Build.0 = Debug|Any CPU
		{C228BBC8-4314-4F0C-A407-18427C7CD8E6}.Debug|ARM.ActiveCfg = Debug|Any CPU
		{C228BBC8-4314-4F0C-A407-18427C7CD8E6}.Debug|ARM.Build.0 = Debug|Any CPU
		{C228BBC8-4314-4F0C-A407-18427C7CD8E6}.Debug|x64.ActiveCfg = Debug|Any CPU
		{C228BBC8-4314-4F0C-A407-18427C7CD8E6}.Debug|x64.Build.0 = Debug|Any CPU
		{C228BBC8-4314-4F0C-A407-18427C7CD8E6}.Debug|x86.ActiveCfg = Debug|Any CPU
		{C228BBC8-4314-4F0C-A407-18427C7CD8E6}.Debug|x86.Build.0 = Debug|Any CPU
		{C228BBC8-4314-4F0C-A407-18427C7CD8E6}.Release|Any CPU.ActiveCfg = Release|Any CPU
		{C228BBC8-4314-4F0C-A407-18427C7CD8E6}.Release|Any CPU.Build.0 = Release|Any CPU
		{C228BBC8-4314-4F0C-A407-18427C7CD8E6}.Release|ARM.ActiveCfg = Release|Any CPU
		{C228BBC8-4314-4F0C-A407-18427C7CD8E6}.Release|ARM.Build.0 = Release|Any CPU
		{C228BBC8-4314-4F0C-A407-18427C7CD8E6}.Release|x64.ActiveCfg = Release|Any CPU
		{C228BBC8-4314-4F0C-A407-18427C7CD8E6}.Release|x64.Build.0 = Release|Any CPU
		{C228BBC8-4314-4F0C-A407-18427C7CD8E6}.Release|x86.ActiveCfg = Release|Any CPU
		{C228BBC8-4314-4F0C-A407-18427C7CD8E6}.Release|x86.Build.0 = Release|Any CPU
		{C2234D53-A936-44EF-82E4-572182F3B11F}.Debug|Any CPU.ActiveCfg = Debug|Any CPU
		{C2234D53-A936-44EF-82E4-572182F3B11F}.Debug|Any CPU.Build.0 = Debug|Any CPU
		{C2234D53-A936-44EF-82E4-572182F3B11F}.Debug|ARM.ActiveCfg = Debug|Any CPU
		{C2234D53-A936-44EF-82E4-572182F3B11F}.Debug|ARM.Build.0 = Debug|Any CPU
		{C2234D53-A936-44EF-82E4-572182F3B11F}.Debug|x64.ActiveCfg = Debug|Any CPU
		{C2234D53-A936-44EF-82E4-572182F3B11F}.Debug|x64.Build.0 = Debug|Any CPU
		{C2234D53-A936-44EF-82E4-572182F3B11F}.Debug|x86.ActiveCfg = Debug|Any CPU
		{C2234D53-A936-44EF-82E4-572182F3B11F}.Debug|x86.Build.0 = Debug|Any CPU
		{C2234D53-A936-44EF-82E4-572182F3B11F}.Release|Any CPU.ActiveCfg = Release|Any CPU
		{C2234D53-A936-44EF-82E4-572182F3B11F}.Release|Any CPU.Build.0 = Release|Any CPU
		{C2234D53-A936-44EF-82E4-572182F3B11F}.Release|ARM.ActiveCfg = Release|Any CPU
		{C2234D53-A936-44EF-82E4-572182F3B11F}.Release|ARM.Build.0 = Release|Any CPU
		{C2234D53-A936-44EF-82E4-572182F3B11F}.Release|x64.ActiveCfg = Release|Any CPU
		{C2234D53-A936-44EF-82E4-572182F3B11F}.Release|x64.Build.0 = Release|Any CPU
		{C2234D53-A936-44EF-82E4-572182F3B11F}.Release|x86.ActiveCfg = Release|Any CPU
		{C2234D53-A936-44EF-82E4-572182F3B11F}.Release|x86.Build.0 = Release|Any CPU
		{52ABE350-5290-4E62-BE35-1E86D83CE1F6}.Debug|Any CPU.ActiveCfg = Debug|Any CPU
		{52ABE350-5290-4E62-BE35-1E86D83CE1F6}.Debug|Any CPU.Build.0 = Debug|Any CPU
		{52ABE350-5290-4E62-BE35-1E86D83CE1F6}.Debug|ARM.ActiveCfg = Debug|Any CPU
		{52ABE350-5290-4E62-BE35-1E86D83CE1F6}.Debug|ARM.Build.0 = Debug|Any CPU
		{52ABE350-5290-4E62-BE35-1E86D83CE1F6}.Debug|x64.ActiveCfg = Debug|Any CPU
		{52ABE350-5290-4E62-BE35-1E86D83CE1F6}.Debug|x64.Build.0 = Debug|Any CPU
		{52ABE350-5290-4E62-BE35-1E86D83CE1F6}.Debug|x86.ActiveCfg = Debug|Any CPU
		{52ABE350-5290-4E62-BE35-1E86D83CE1F6}.Debug|x86.Build.0 = Debug|Any CPU
		{52ABE350-5290-4E62-BE35-1E86D83CE1F6}.Release|Any CPU.ActiveCfg = Release|Any CPU
		{52ABE350-5290-4E62-BE35-1E86D83CE1F6}.Release|Any CPU.Build.0 = Release|Any CPU
		{52ABE350-5290-4E62-BE35-1E86D83CE1F6}.Release|ARM.ActiveCfg = Release|Any CPU
		{52ABE350-5290-4E62-BE35-1E86D83CE1F6}.Release|ARM.Build.0 = Release|Any CPU
		{52ABE350-5290-4E62-BE35-1E86D83CE1F6}.Release|x64.ActiveCfg = Release|Any CPU
		{52ABE350-5290-4E62-BE35-1E86D83CE1F6}.Release|x64.Build.0 = Release|Any CPU
		{52ABE350-5290-4E62-BE35-1E86D83CE1F6}.Release|x86.ActiveCfg = Release|Any CPU
		{52ABE350-5290-4E62-BE35-1E86D83CE1F6}.Release|x86.Build.0 = Release|Any CPU
		{EF6CDE64-AA56-4EBD-846C-4A0FA7DCD082}.Debug|Any CPU.ActiveCfg = Debug|Any CPU
		{EF6CDE64-AA56-4EBD-846C-4A0FA7DCD082}.Debug|Any CPU.Build.0 = Debug|Any CPU
		{EF6CDE64-AA56-4EBD-846C-4A0FA7DCD082}.Debug|ARM.ActiveCfg = Debug|Any CPU
		{EF6CDE64-AA56-4EBD-846C-4A0FA7DCD082}.Debug|ARM.Build.0 = Debug|Any CPU
		{EF6CDE64-AA56-4EBD-846C-4A0FA7DCD082}.Debug|x64.ActiveCfg = Debug|Any CPU
		{EF6CDE64-AA56-4EBD-846C-4A0FA7DCD082}.Debug|x64.Build.0 = Debug|Any CPU
		{EF6CDE64-AA56-4EBD-846C-4A0FA7DCD082}.Debug|x86.ActiveCfg = Debug|Any CPU
		{EF6CDE64-AA56-4EBD-846C-4A0FA7DCD082}.Debug|x86.Build.0 = Debug|Any CPU
		{EF6CDE64-AA56-4EBD-846C-4A0FA7DCD082}.Release|Any CPU.ActiveCfg = Release|Any CPU
		{EF6CDE64-AA56-4EBD-846C-4A0FA7DCD082}.Release|Any CPU.Build.0 = Release|Any CPU
		{EF6CDE64-AA56-4EBD-846C-4A0FA7DCD082}.Release|ARM.ActiveCfg = Release|Any CPU
		{EF6CDE64-AA56-4EBD-846C-4A0FA7DCD082}.Release|ARM.Build.0 = Release|Any CPU
		{EF6CDE64-AA56-4EBD-846C-4A0FA7DCD082}.Release|x64.ActiveCfg = Release|Any CPU
		{EF6CDE64-AA56-4EBD-846C-4A0FA7DCD082}.Release|x64.Build.0 = Release|Any CPU
		{EF6CDE64-AA56-4EBD-846C-4A0FA7DCD082}.Release|x86.ActiveCfg = Release|Any CPU
		{EF6CDE64-AA56-4EBD-846C-4A0FA7DCD082}.Release|x86.Build.0 = Release|Any CPU
		{D57E966C-42CF-4634-AAA8-2DA1B7C3DC48}.Debug|Any CPU.ActiveCfg = Debug|Any CPU
		{D57E966C-42CF-4634-AAA8-2DA1B7C3DC48}.Debug|Any CPU.Build.0 = Debug|Any CPU
		{D57E966C-42CF-4634-AAA8-2DA1B7C3DC48}.Debug|ARM.ActiveCfg = Debug|Any CPU
		{D57E966C-42CF-4634-AAA8-2DA1B7C3DC48}.Debug|ARM.Build.0 = Debug|Any CPU
		{D57E966C-42CF-4634-AAA8-2DA1B7C3DC48}.Debug|x64.ActiveCfg = Debug|Any CPU
		{D57E966C-42CF-4634-AAA8-2DA1B7C3DC48}.Debug|x64.Build.0 = Debug|Any CPU
		{D57E966C-42CF-4634-AAA8-2DA1B7C3DC48}.Debug|x86.ActiveCfg = Debug|Any CPU
		{D57E966C-42CF-4634-AAA8-2DA1B7C3DC48}.Debug|x86.Build.0 = Debug|Any CPU
		{D57E966C-42CF-4634-AAA8-2DA1B7C3DC48}.Release|Any CPU.ActiveCfg = Release|Any CPU
		{D57E966C-42CF-4634-AAA8-2DA1B7C3DC48}.Release|Any CPU.Build.0 = Release|Any CPU
		{D57E966C-42CF-4634-AAA8-2DA1B7C3DC48}.Release|ARM.ActiveCfg = Release|Any CPU
		{D57E966C-42CF-4634-AAA8-2DA1B7C3DC48}.Release|ARM.Build.0 = Release|Any CPU
		{D57E966C-42CF-4634-AAA8-2DA1B7C3DC48}.Release|x64.ActiveCfg = Release|Any CPU
		{D57E966C-42CF-4634-AAA8-2DA1B7C3DC48}.Release|x64.Build.0 = Release|Any CPU
		{D57E966C-42CF-4634-AAA8-2DA1B7C3DC48}.Release|x86.ActiveCfg = Release|Any CPU
		{D57E966C-42CF-4634-AAA8-2DA1B7C3DC48}.Release|x86.Build.0 = Release|Any CPU
		{1487D09B-761F-4BA8-9922-7B4E132F854C}.Debug|Any CPU.ActiveCfg = Debug|Any CPU
		{1487D09B-761F-4BA8-9922-7B4E132F854C}.Debug|Any CPU.Build.0 = Debug|Any CPU
		{1487D09B-761F-4BA8-9922-7B4E132F854C}.Debug|ARM.ActiveCfg = Debug|Any CPU
		{1487D09B-761F-4BA8-9922-7B4E132F854C}.Debug|ARM.Build.0 = Debug|Any CPU
		{1487D09B-761F-4BA8-9922-7B4E132F854C}.Debug|x64.ActiveCfg = Debug|Any CPU
		{1487D09B-761F-4BA8-9922-7B4E132F854C}.Debug|x64.Build.0 = Debug|Any CPU
		{1487D09B-761F-4BA8-9922-7B4E132F854C}.Debug|x86.ActiveCfg = Debug|Any CPU
		{1487D09B-761F-4BA8-9922-7B4E132F854C}.Debug|x86.Build.0 = Debug|Any CPU
		{1487D09B-761F-4BA8-9922-7B4E132F854C}.Release|Any CPU.ActiveCfg = Release|Any CPU
		{1487D09B-761F-4BA8-9922-7B4E132F854C}.Release|Any CPU.Build.0 = Release|Any CPU
		{1487D09B-761F-4BA8-9922-7B4E132F854C}.Release|ARM.ActiveCfg = Release|Any CPU
		{1487D09B-761F-4BA8-9922-7B4E132F854C}.Release|ARM.Build.0 = Release|Any CPU
		{1487D09B-761F-4BA8-9922-7B4E132F854C}.Release|x64.ActiveCfg = Release|Any CPU
		{1487D09B-761F-4BA8-9922-7B4E132F854C}.Release|x64.Build.0 = Release|Any CPU
		{1487D09B-761F-4BA8-9922-7B4E132F854C}.Release|x86.ActiveCfg = Release|Any CPU
		{1487D09B-761F-4BA8-9922-7B4E132F854C}.Release|x86.Build.0 = Release|Any CPU
		{7B8B5B61-43D5-40BA-8E43-C4B694B1B61F}.Debug|Any CPU.ActiveCfg = Debug|Any CPU
		{7B8B5B61-43D5-40BA-8E43-C4B694B1B61F}.Debug|Any CPU.Build.0 = Debug|Any CPU
		{7B8B5B61-43D5-40BA-8E43-C4B694B1B61F}.Debug|ARM.ActiveCfg = Debug|Any CPU
		{7B8B5B61-43D5-40BA-8E43-C4B694B1B61F}.Debug|ARM.Build.0 = Debug|Any CPU
		{7B8B5B61-43D5-40BA-8E43-C4B694B1B61F}.Debug|x64.ActiveCfg = Debug|Any CPU
		{7B8B5B61-43D5-40BA-8E43-C4B694B1B61F}.Debug|x64.Build.0 = Debug|Any CPU
		{7B8B5B61-43D5-40BA-8E43-C4B694B1B61F}.Debug|x86.ActiveCfg = Debug|Any CPU
		{7B8B5B61-43D5-40BA-8E43-C4B694B1B61F}.Debug|x86.Build.0 = Debug|Any CPU
		{7B8B5B61-43D5-40BA-8E43-C4B694B1B61F}.Release|Any CPU.ActiveCfg = Release|Any CPU
		{7B8B5B61-43D5-40BA-8E43-C4B694B1B61F}.Release|Any CPU.Build.0 = Release|Any CPU
		{7B8B5B61-43D5-40BA-8E43-C4B694B1B61F}.Release|ARM.ActiveCfg = Release|Any CPU
		{7B8B5B61-43D5-40BA-8E43-C4B694B1B61F}.Release|ARM.Build.0 = Release|Any CPU
		{7B8B5B61-43D5-40BA-8E43-C4B694B1B61F}.Release|x64.ActiveCfg = Release|Any CPU
		{7B8B5B61-43D5-40BA-8E43-C4B694B1B61F}.Release|x64.Build.0 = Release|Any CPU
		{7B8B5B61-43D5-40BA-8E43-C4B694B1B61F}.Release|x86.ActiveCfg = Release|Any CPU
		{7B8B5B61-43D5-40BA-8E43-C4B694B1B61F}.Release|x86.Build.0 = Release|Any CPU
		{6317DD25-F464-492D-A839-82789CA96C6E}.Debug|Any CPU.ActiveCfg = Debug|Any CPU
		{6317DD25-F464-492D-A839-82789CA96C6E}.Debug|Any CPU.Build.0 = Debug|Any CPU
		{6317DD25-F464-492D-A839-82789CA96C6E}.Debug|ARM.ActiveCfg = Debug|Any CPU
		{6317DD25-F464-492D-A839-82789CA96C6E}.Debug|ARM.Build.0 = Debug|Any CPU
		{6317DD25-F464-492D-A839-82789CA96C6E}.Debug|x64.ActiveCfg = Debug|Any CPU
		{6317DD25-F464-492D-A839-82789CA96C6E}.Debug|x64.Build.0 = Debug|Any CPU
		{6317DD25-F464-492D-A839-82789CA96C6E}.Debug|x86.ActiveCfg = Debug|Any CPU
		{6317DD25-F464-492D-A839-82789CA96C6E}.Debug|x86.Build.0 = Debug|Any CPU
		{6317DD25-F464-492D-A839-82789CA96C6E}.Release|Any CPU.ActiveCfg = Release|Any CPU
		{6317DD25-F464-492D-A839-82789CA96C6E}.Release|Any CPU.Build.0 = Release|Any CPU
		{6317DD25-F464-492D-A839-82789CA96C6E}.Release|ARM.ActiveCfg = Release|Any CPU
		{6317DD25-F464-492D-A839-82789CA96C6E}.Release|ARM.Build.0 = Release|Any CPU
		{6317DD25-F464-492D-A839-82789CA96C6E}.Release|x64.ActiveCfg = Release|Any CPU
		{6317DD25-F464-492D-A839-82789CA96C6E}.Release|x64.Build.0 = Release|Any CPU
		{6317DD25-F464-492D-A839-82789CA96C6E}.Release|x86.ActiveCfg = Release|Any CPU
		{6317DD25-F464-492D-A839-82789CA96C6E}.Release|x86.Build.0 = Release|Any CPU
		{AC98000B-628B-4EEE-96E1-D95811E31D07}.Debug|Any CPU.ActiveCfg = Debug|Any CPU
		{AC98000B-628B-4EEE-96E1-D95811E31D07}.Debug|Any CPU.Build.0 = Debug|Any CPU
		{AC98000B-628B-4EEE-96E1-D95811E31D07}.Debug|ARM.ActiveCfg = Debug|Any CPU
		{AC98000B-628B-4EEE-96E1-D95811E31D07}.Debug|ARM.Build.0 = Debug|Any CPU
		{AC98000B-628B-4EEE-96E1-D95811E31D07}.Debug|x64.ActiveCfg = Debug|Any CPU
		{AC98000B-628B-4EEE-96E1-D95811E31D07}.Debug|x64.Build.0 = Debug|Any CPU
		{AC98000B-628B-4EEE-96E1-D95811E31D07}.Debug|x86.ActiveCfg = Debug|Any CPU
		{AC98000B-628B-4EEE-96E1-D95811E31D07}.Debug|x86.Build.0 = Debug|Any CPU
		{AC98000B-628B-4EEE-96E1-D95811E31D07}.Release|Any CPU.ActiveCfg = Release|Any CPU
		{AC98000B-628B-4EEE-96E1-D95811E31D07}.Release|Any CPU.Build.0 = Release|Any CPU
		{AC98000B-628B-4EEE-96E1-D95811E31D07}.Release|ARM.ActiveCfg = Release|Any CPU
		{AC98000B-628B-4EEE-96E1-D95811E31D07}.Release|ARM.Build.0 = Release|Any CPU
		{AC98000B-628B-4EEE-96E1-D95811E31D07}.Release|x64.ActiveCfg = Release|Any CPU
		{AC98000B-628B-4EEE-96E1-D95811E31D07}.Release|x64.Build.0 = Release|Any CPU
		{AC98000B-628B-4EEE-96E1-D95811E31D07}.Release|x86.ActiveCfg = Release|Any CPU
		{AC98000B-628B-4EEE-96E1-D95811E31D07}.Release|x86.Build.0 = Release|Any CPU
		{0101F236-88F3-486A-98DD-836A61A757B7}.Debug|Any CPU.ActiveCfg = Debug|Any CPU
		{0101F236-88F3-486A-98DD-836A61A757B7}.Debug|Any CPU.Build.0 = Debug|Any CPU
		{0101F236-88F3-486A-98DD-836A61A757B7}.Debug|ARM.ActiveCfg = Debug|Any CPU
		{0101F236-88F3-486A-98DD-836A61A757B7}.Debug|ARM.Build.0 = Debug|Any CPU
		{0101F236-88F3-486A-98DD-836A61A757B7}.Debug|x64.ActiveCfg = Debug|Any CPU
		{0101F236-88F3-486A-98DD-836A61A757B7}.Debug|x64.Build.0 = Debug|Any CPU
		{0101F236-88F3-486A-98DD-836A61A757B7}.Debug|x86.ActiveCfg = Debug|Any CPU
		{0101F236-88F3-486A-98DD-836A61A757B7}.Debug|x86.Build.0 = Debug|Any CPU
		{0101F236-88F3-486A-98DD-836A61A757B7}.Release|Any CPU.ActiveCfg = Release|Any CPU
		{0101F236-88F3-486A-98DD-836A61A757B7}.Release|Any CPU.Build.0 = Release|Any CPU
		{0101F236-88F3-486A-98DD-836A61A757B7}.Release|ARM.ActiveCfg = Release|Any CPU
		{0101F236-88F3-486A-98DD-836A61A757B7}.Release|ARM.Build.0 = Release|Any CPU
		{0101F236-88F3-486A-98DD-836A61A757B7}.Release|x64.ActiveCfg = Release|Any CPU
		{0101F236-88F3-486A-98DD-836A61A757B7}.Release|x64.Build.0 = Release|Any CPU
		{0101F236-88F3-486A-98DD-836A61A757B7}.Release|x86.ActiveCfg = Release|Any CPU
		{0101F236-88F3-486A-98DD-836A61A757B7}.Release|x86.Build.0 = Release|Any CPU
		{70325194-ECEC-4C8A-B1C3-AF019840C301}.Debug|Any CPU.ActiveCfg = Debug|Any CPU
		{70325194-ECEC-4C8A-B1C3-AF019840C301}.Debug|Any CPU.Build.0 = Debug|Any CPU
		{70325194-ECEC-4C8A-B1C3-AF019840C301}.Debug|ARM.ActiveCfg = Debug|Any CPU
		{70325194-ECEC-4C8A-B1C3-AF019840C301}.Debug|ARM.Build.0 = Debug|Any CPU
		{70325194-ECEC-4C8A-B1C3-AF019840C301}.Debug|x64.ActiveCfg = Debug|Any CPU
		{70325194-ECEC-4C8A-B1C3-AF019840C301}.Debug|x64.Build.0 = Debug|Any CPU
		{70325194-ECEC-4C8A-B1C3-AF019840C301}.Debug|x86.ActiveCfg = Debug|Any CPU
		{70325194-ECEC-4C8A-B1C3-AF019840C301}.Debug|x86.Build.0 = Debug|Any CPU
		{70325194-ECEC-4C8A-B1C3-AF019840C301}.Release|Any CPU.ActiveCfg = Release|Any CPU
		{70325194-ECEC-4C8A-B1C3-AF019840C301}.Release|Any CPU.Build.0 = Release|Any CPU
		{70325194-ECEC-4C8A-B1C3-AF019840C301}.Release|ARM.ActiveCfg = Release|Any CPU
		{70325194-ECEC-4C8A-B1C3-AF019840C301}.Release|ARM.Build.0 = Release|Any CPU
		{70325194-ECEC-4C8A-B1C3-AF019840C301}.Release|x64.ActiveCfg = Release|Any CPU
		{70325194-ECEC-4C8A-B1C3-AF019840C301}.Release|x64.Build.0 = Release|Any CPU
		{70325194-ECEC-4C8A-B1C3-AF019840C301}.Release|x86.ActiveCfg = Release|Any CPU
		{70325194-ECEC-4C8A-B1C3-AF019840C301}.Release|x86.Build.0 = Release|Any CPU
		{183AE540-C2CE-46B3-931D-4BFA1DA51BDB}.Debug|Any CPU.ActiveCfg = Debug|Any CPU
		{183AE540-C2CE-46B3-931D-4BFA1DA51BDB}.Debug|Any CPU.Build.0 = Debug|Any CPU
		{183AE540-C2CE-46B3-931D-4BFA1DA51BDB}.Debug|ARM.ActiveCfg = Debug|Any CPU
		{183AE540-C2CE-46B3-931D-4BFA1DA51BDB}.Debug|ARM.Build.0 = Debug|Any CPU
		{183AE540-C2CE-46B3-931D-4BFA1DA51BDB}.Debug|x64.ActiveCfg = Debug|Any CPU
		{183AE540-C2CE-46B3-931D-4BFA1DA51BDB}.Debug|x64.Build.0 = Debug|Any CPU
		{183AE540-C2CE-46B3-931D-4BFA1DA51BDB}.Debug|x86.ActiveCfg = Debug|Any CPU
		{183AE540-C2CE-46B3-931D-4BFA1DA51BDB}.Debug|x86.Build.0 = Debug|Any CPU
		{183AE540-C2CE-46B3-931D-4BFA1DA51BDB}.Release|Any CPU.ActiveCfg = Release|Any CPU
		{183AE540-C2CE-46B3-931D-4BFA1DA51BDB}.Release|Any CPU.Build.0 = Release|Any CPU
		{183AE540-C2CE-46B3-931D-4BFA1DA51BDB}.Release|ARM.ActiveCfg = Release|Any CPU
		{183AE540-C2CE-46B3-931D-4BFA1DA51BDB}.Release|ARM.Build.0 = Release|Any CPU
		{183AE540-C2CE-46B3-931D-4BFA1DA51BDB}.Release|x64.ActiveCfg = Release|Any CPU
		{183AE540-C2CE-46B3-931D-4BFA1DA51BDB}.Release|x64.Build.0 = Release|Any CPU
		{183AE540-C2CE-46B3-931D-4BFA1DA51BDB}.Release|x86.ActiveCfg = Release|Any CPU
		{183AE540-C2CE-46B3-931D-4BFA1DA51BDB}.Release|x86.Build.0 = Release|Any CPU
		{BB88274A-396C-4695-857F-23D8B35CCADD}.Debug|Any CPU.ActiveCfg = Debug|Any CPU
		{BB88274A-396C-4695-857F-23D8B35CCADD}.Debug|Any CPU.Build.0 = Debug|Any CPU
		{BB88274A-396C-4695-857F-23D8B35CCADD}.Debug|ARM.ActiveCfg = Debug|Any CPU
		{BB88274A-396C-4695-857F-23D8B35CCADD}.Debug|ARM.Build.0 = Debug|Any CPU
		{BB88274A-396C-4695-857F-23D8B35CCADD}.Debug|x64.ActiveCfg = Debug|Any CPU
		{BB88274A-396C-4695-857F-23D8B35CCADD}.Debug|x64.Build.0 = Debug|Any CPU
		{BB88274A-396C-4695-857F-23D8B35CCADD}.Debug|x86.ActiveCfg = Debug|Any CPU
		{BB88274A-396C-4695-857F-23D8B35CCADD}.Debug|x86.Build.0 = Debug|Any CPU
		{BB88274A-396C-4695-857F-23D8B35CCADD}.Release|Any CPU.ActiveCfg = Release|Any CPU
		{BB88274A-396C-4695-857F-23D8B35CCADD}.Release|Any CPU.Build.0 = Release|Any CPU
		{BB88274A-396C-4695-857F-23D8B35CCADD}.Release|ARM.ActiveCfg = Release|Any CPU
		{BB88274A-396C-4695-857F-23D8B35CCADD}.Release|ARM.Build.0 = Release|Any CPU
		{BB88274A-396C-4695-857F-23D8B35CCADD}.Release|x64.ActiveCfg = Release|Any CPU
		{BB88274A-396C-4695-857F-23D8B35CCADD}.Release|x64.Build.0 = Release|Any CPU
		{BB88274A-396C-4695-857F-23D8B35CCADD}.Release|x86.ActiveCfg = Release|Any CPU
		{BB88274A-396C-4695-857F-23D8B35CCADD}.Release|x86.Build.0 = Release|Any CPU
		{6911970D-E540-45D0-B5F2-F0E1C33C6062}.Debug|Any CPU.ActiveCfg = Debug|Any CPU
		{6911970D-E540-45D0-B5F2-F0E1C33C6062}.Debug|Any CPU.Build.0 = Debug|Any CPU
		{6911970D-E540-45D0-B5F2-F0E1C33C6062}.Debug|ARM.ActiveCfg = Debug|Any CPU
		{6911970D-E540-45D0-B5F2-F0E1C33C6062}.Debug|ARM.Build.0 = Debug|Any CPU
		{6911970D-E540-45D0-B5F2-F0E1C33C6062}.Debug|x64.ActiveCfg = Debug|Any CPU
		{6911970D-E540-45D0-B5F2-F0E1C33C6062}.Debug|x64.Build.0 = Debug|Any CPU
		{6911970D-E540-45D0-B5F2-F0E1C33C6062}.Debug|x86.ActiveCfg = Debug|Any CPU
		{6911970D-E540-45D0-B5F2-F0E1C33C6062}.Debug|x86.Build.0 = Debug|Any CPU
		{6911970D-E540-45D0-B5F2-F0E1C33C6062}.Release|Any CPU.ActiveCfg = Release|Any CPU
		{6911970D-E540-45D0-B5F2-F0E1C33C6062}.Release|Any CPU.Build.0 = Release|Any CPU
		{6911970D-E540-45D0-B5F2-F0E1C33C6062}.Release|ARM.ActiveCfg = Release|Any CPU
		{6911970D-E540-45D0-B5F2-F0E1C33C6062}.Release|ARM.Build.0 = Release|Any CPU
		{6911970D-E540-45D0-B5F2-F0E1C33C6062}.Release|x64.ActiveCfg = Release|Any CPU
		{6911970D-E540-45D0-B5F2-F0E1C33C6062}.Release|x64.Build.0 = Release|Any CPU
		{6911970D-E540-45D0-B5F2-F0E1C33C6062}.Release|x86.ActiveCfg = Release|Any CPU
		{6911970D-E540-45D0-B5F2-F0E1C33C6062}.Release|x86.Build.0 = Release|Any CPU
		{F7A97A10-D6B9-4399-B08F-5B1D91017329}.Debug|Any CPU.ActiveCfg = Debug|Any CPU
		{F7A97A10-D6B9-4399-B08F-5B1D91017329}.Debug|Any CPU.Build.0 = Debug|Any CPU
		{F7A97A10-D6B9-4399-B08F-5B1D91017329}.Debug|ARM.ActiveCfg = Debug|Any CPU
		{F7A97A10-D6B9-4399-B08F-5B1D91017329}.Debug|ARM.Build.0 = Debug|Any CPU
		{F7A97A10-D6B9-4399-B08F-5B1D91017329}.Debug|x64.ActiveCfg = Debug|Any CPU
		{F7A97A10-D6B9-4399-B08F-5B1D91017329}.Debug|x64.Build.0 = Debug|Any CPU
		{F7A97A10-D6B9-4399-B08F-5B1D91017329}.Debug|x86.ActiveCfg = Debug|Any CPU
		{F7A97A10-D6B9-4399-B08F-5B1D91017329}.Debug|x86.Build.0 = Debug|Any CPU
		{F7A97A10-D6B9-4399-B08F-5B1D91017329}.Release|Any CPU.ActiveCfg = Release|Any CPU
		{F7A97A10-D6B9-4399-B08F-5B1D91017329}.Release|Any CPU.Build.0 = Release|Any CPU
		{F7A97A10-D6B9-4399-B08F-5B1D91017329}.Release|ARM.ActiveCfg = Release|Any CPU
		{F7A97A10-D6B9-4399-B08F-5B1D91017329}.Release|ARM.Build.0 = Release|Any CPU
		{F7A97A10-D6B9-4399-B08F-5B1D91017329}.Release|x64.ActiveCfg = Release|Any CPU
		{F7A97A10-D6B9-4399-B08F-5B1D91017329}.Release|x64.Build.0 = Release|Any CPU
		{F7A97A10-D6B9-4399-B08F-5B1D91017329}.Release|x86.ActiveCfg = Release|Any CPU
		{F7A97A10-D6B9-4399-B08F-5B1D91017329}.Release|x86.Build.0 = Release|Any CPU
		{97AEFF92-EDD0-4524-BD6B-389A976DC6F4}.Debug|Any CPU.ActiveCfg = Debug|Any CPU
		{97AEFF92-EDD0-4524-BD6B-389A976DC6F4}.Debug|Any CPU.Build.0 = Debug|Any CPU
		{97AEFF92-EDD0-4524-BD6B-389A976DC6F4}.Debug|ARM.ActiveCfg = Debug|Any CPU
		{97AEFF92-EDD0-4524-BD6B-389A976DC6F4}.Debug|ARM.Build.0 = Debug|Any CPU
		{97AEFF92-EDD0-4524-BD6B-389A976DC6F4}.Debug|x64.ActiveCfg = Debug|Any CPU
		{97AEFF92-EDD0-4524-BD6B-389A976DC6F4}.Debug|x64.Build.0 = Debug|Any CPU
		{97AEFF92-EDD0-4524-BD6B-389A976DC6F4}.Debug|x86.ActiveCfg = Debug|Any CPU
		{97AEFF92-EDD0-4524-BD6B-389A976DC6F4}.Debug|x86.Build.0 = Debug|Any CPU
		{97AEFF92-EDD0-4524-BD6B-389A976DC6F4}.Release|Any CPU.ActiveCfg = Release|Any CPU
		{97AEFF92-EDD0-4524-BD6B-389A976DC6F4}.Release|Any CPU.Build.0 = Release|Any CPU
		{97AEFF92-EDD0-4524-BD6B-389A976DC6F4}.Release|ARM.ActiveCfg = Release|Any CPU
		{97AEFF92-EDD0-4524-BD6B-389A976DC6F4}.Release|ARM.Build.0 = Release|Any CPU
		{97AEFF92-EDD0-4524-BD6B-389A976DC6F4}.Release|x64.ActiveCfg = Release|Any CPU
		{97AEFF92-EDD0-4524-BD6B-389A976DC6F4}.Release|x64.Build.0 = Release|Any CPU
		{97AEFF92-EDD0-4524-BD6B-389A976DC6F4}.Release|x86.ActiveCfg = Release|Any CPU
		{97AEFF92-EDD0-4524-BD6B-389A976DC6F4}.Release|x86.Build.0 = Release|Any CPU
	EndGlobalSection
	GlobalSection(SolutionProperties) = preSolution
		HideSolutionNode = FALSE
	EndGlobalSection
EndGlobal
