Microsoft Visual Studio Solution File, Format Version 12.00
# Visual Studio Version 17
VisualStudioVersion = 17.5.2.0
MinimumVisualStudioVersion = 10.0.40219.1
Project("{FAE04EC0-301F-11D3-BF4B-00C04F79EFBC}") = "Collections", "Collections.csproj", "{DC5BC157-98E3-DCAD-7E6B-53451AC64964}"
EndProject
Project("{FAE04EC0-301F-11D3-BF4B-00C04F79EFBC}") = "Lists", "Lists.csproj", "{A042CD9D-4139-5E9D-DF05-5F9FCA93D03C}"
EndProject
Global
	GlobalSection(SolutionConfigurationPlatforms) = preSolution
		Debug|Any CPU = Debug|Any CPU
		Release|Any CPU = Release|Any CPU
	EndGlobalSection
	GlobalSection(ProjectConfigurationPlatforms) = postSolution
		{DC5BC157-98E3-DCAD-7E6B-53451AC64964}.Debug|Any CPU.ActiveCfg = Debug|Any CPU
		{DC5BC157-98E3-DCAD-7E6B-53451AC64964}.Debug|Any CPU.Build.0 = Debug|Any CPU
		{DC5BC157-98E3-DCAD-7E6B-53451AC64964}.Release|Any CPU.ActiveCfg = Release|Any CPU
		{DC5BC157-98E3-DCAD-7E6B-53451AC64964}.Release|Any CPU.Build.0 = Release|Any CPU
		{A042CD9D-4139-5E9D-DF05-5F9FCA93D03C}.Debug|Any CPU.ActiveCfg = Debug|Any CPU
		{A042CD9D-4139-5E9D-DF05-5F9FCA93D03C}.Debug|Any CPU.Build.0 = Debug|Any CPU
		{A042CD9D-4139-5E9D-DF05-5F9FCA93D03C}.Release|Any CPU.ActiveCfg = Release|Any CPU
		{A042CD9D-4139-5E9D-DF05-5F9FCA93D03C}.Release|Any CPU.Build.0 = Release|Any CPU
	EndGlobalSection
	GlobalSection(SolutionProperties) = preSolution
		HideSolutionNode = FALSE
	EndGlobalSection
	GlobalSection(ExtensibilityGlobals) = postSolution
		SolutionGuid = {37BBD78B-47DD-48E7-902E-3BD0C8788CDB}
	EndGlobalSection
EndGlobal
